
Microsoft Visual Studio Solution File, Format Version 12.00
# Visual Studio Version 17
VisualStudioVersion = 17.0.32014.148
MinimumVisualStudioVersion = 10.0.40219.1
Project("{FAE04EC0-301F-11D3-BF4B-00C04F79EFBC}") = "TaxCollectData.Library", "TaxCollectData.Library\TaxCollectData.Library.csproj", "{0ECC049F-7517-4CCF-B2FB-BC92511FA4A2}"
EndProject
Global
	GlobalSection(SolutionConfigurationPlatforms) = preSolution
		Debug|Any CPU = Debug|Any CPU
		Release|Any CPU = Release|Any CPU
	EndGlobalSection
	GlobalSection(ProjectConfigurationPlatforms) = postSolution
		{0ECC049F-7517-4CCF-B2FB-BC92511FA4A2}.Release|Any CPU.ActiveCfg = Release|Any CPU
		{0ECC049F-7517-4CCF-B2FB-BC92511FA4A2}.Release|Any CPU.Build.0 = Release|Any CPU
		{0ECC049F-7517-4CCF-B2FB-BC92511FA4A2}.Debug|Any CPU.ActiveCfg = Release|Any CPU
		{0ECC049F-7517-4CCF-B2FB-BC92511FA4A2}.Debug|Any CPU.Build.0 = Release|Any CPU
	EndGlobalSection
	GlobalSection(SolutionProperties) = preSolution
		HideSolutionNode = FALSE
	EndGlobalSection
	GlobalSection(ExtensibilityGlobals) = postSolution
		SolutionGuid = {1E1ADAD4-CA48-430C-8F60-C94AC3904BDC}
	EndGlobalSection
EndGlobal
